{
  "name": "replace-in-files-reduces-test-case",
  "version": "1.0.0",
  "lockfileVersion": 1,
  "requires": true,
  "dependencies": {
    "@mrmlnc/readdir-enhanced": {
      "version": "2.2.1",
      "resolved": "https://privatenpm.dev.target.com/@mrmlnc%2freaddir-enhanced/-/readdir-enhanced-2.2.1.tgz",
      "integrity": "sha1-UkryQNGjYFJ7cwR17PoTRKpUDd4=",
      "requires": {
        "call-me-maybe": "1.0.1",
        "glob-to-regexp": "0.3.0"
      }
    },
    "@nodelib/fs.stat": {
      "version": "1.1.3",
      "resolved": "https://privatenpm.dev.target.com/@nodelib%2ffs.stat/-/fs.stat-1.1.3.tgz",
      "integrity": "sha1-K1o6s/kYzKSKjHVMCBaOPwPrphs="
    },
    "@types/events": {
      "version": "3.0.0",
      "resolved": "https://privatenpm.dev.target.com/@types%2fevents/-/events-3.0.0.tgz",
      "integrity": "sha1-KGLz9Yqaf3w+eNefEw3U1xwlwqc="
    },
    "@types/glob": {
      "version": "7.1.1",
      "resolved": "https://privatenpm.dev.target.com/@types%2fglob/-/glob-7.1.1.tgz",
      "integrity": "sha1-qlmhxuP7xCHgfM0xqUTDDrpSFXU=",
      "requires": {
        "@types/events": "3.0.0",
        "@types/minimatch": "3.0.3",
        "@types/node": "11.13.8"
      }
    },
    "@types/minimatch": {
      "version": "3.0.3",
      "resolved": "https://privatenpm.dev.target.com/@types%2fminimatch/-/minimatch-3.0.3.tgz",
      "integrity": "sha1-PcoOPzOyAPx9ETnAzZbBJoyt/Z0="
    },
    "@types/node": {
      "version": "11.13.8",
      "resolved": "https://privatenpm.dev.target.com/@types%2fnode/-/node-11.13.8.tgz",
      "integrity": "sha1-5dcRc8lVM76YQrLHmJePCV+RKqs="
    },
    "arr-diff": {
      "version": "4.0.0",
      "resolved": "https://privatenpm.dev.target.com/arr-diff/-/arr-diff-4.0.0.tgz",
      "integrity": "sha1-1kYQdP6/7HHn4VI1dhoyml3HxSA="
    },
    "arr-flatten": {
      "version": "1.1.0",
      "resolved": "https://privatenpm.dev.target.com/arr-flatten/-/arr-flatten-1.1.0.tgz",
      "integrity": "sha1-NgSLv/TntH4TZkQxbJlmnqWukfE="
    },
    "arr-union": {
      "version": "3.1.0",
      "resolved": "https://privatenpm.dev.target.com/arr-union/-/arr-union-3.1.0.tgz",
      "integrity": "sha1-45sJrqne+Gao8gbiiK9jkZuuOcQ="
    },
    "array-union": {
      "version": "1.0.2",
      "resolved": "https://privatenpm.dev.target.com/array-union/-/array-union-1.0.2.tgz",
      "integrity": "sha1-mjRBDk9OPaI96jdb5b5w8kd47Dk=",
      "requires": {
        "array-uniq": "1.0.3"
      }
    },
    "array-uniq": {
      "version": "1.0.3",
      "resolved": "https://privatenpm.dev.target.com/array-uniq/-/array-uniq-1.0.3.tgz",
      "integrity": "sha1-r2rId6Jcx/dOBYiUdThY39sk/bY="
    },
    "array-unique": {
      "version": "0.3.2",
      "resolved": "https://privatenpm.dev.target.com/array-unique/-/array-unique-0.3.2.tgz",
      "integrity": "sha1-qJS3XUvE9s1nnvMkSp/Y9Gri1Cg="
    },
    "assign-symbols": {
      "version": "1.0.0",
      "resolved": "https://privatenpm.dev.target.com/assign-symbols/-/assign-symbols-1.0.0.tgz",
      "integrity": "sha1-WWZ/QfrdTyDMvCu5a41Pf3jsA2c="
    },
    "atob": {
      "version": "2.1.2",
      "resolved": "https://privatenpm.dev.target.com/atob/-/atob-2.1.2.tgz",
      "integrity": "sha1-bZUX654DDSQ2ZmZR6GvZ9vE1M8k="
    },
    "balanced-match": {
      "version": "1.0.0",
      "resolved": "https://privatenpm.dev.target.com/balanced-match/-/balanced-match-1.0.0.tgz",
      "integrity": "sha1-ibTRmasr7kneFk6gK4nORi1xt2c="
    },
    "base": {
      "version": "0.11.2",
      "resolved": "https://privatenpm.dev.target.com/base/-/base-0.11.2.tgz",
      "integrity": "sha1-e95c7RRbbVUakNuH+DxVi060io8=",
      "requires": {
        "cache-base": "1.0.1",
        "class-utils": "0.3.6",
        "component-emitter": "1.3.0",
        "define-property": "1.0.0",
        "isobject": "3.0.1",
        "mixin-deep": "1.3.1",
        "pascalcase": "0.1.1"
      },
      "dependencies": {
        "define-property": {
          "version": "1.0.0",
          "resolved": "https://privatenpm.dev.target.com/define-property/-/define-property-1.0.0.tgz",
          "integrity": "sha1-dp66rz9KY6rTr56NMEybvnm/sOY=",
          "requires": {
            "is-descriptor": "1.0.2"
          }
        },
        "is-accessor-descriptor": {
          "version": "1.0.0",
          "resolved": "https://privatenpm.dev.target.com/is-accessor-descriptor/-/is-accessor-descriptor-1.0.0.tgz",
          "integrity": "sha1-FpwvbT3x+ZJhgHI2XJsOofaHhlY=",
          "requires": {
            "kind-of": "6.0.2"
          }
        },
        "is-data-descriptor": {
          "version": "1.0.0",
          "resolved": "https://privatenpm.dev.target.com/is-data-descriptor/-/is-data-descriptor-1.0.0.tgz",
          "integrity": "sha1-2Eh2Mh0Oet0DmQQGq7u9NrqSaMc=",
          "requires": {
            "kind-of": "6.0.2"
          }
        },
        "is-descriptor": {
          "version": "1.0.2",
          "resolved": "https://privatenpm.dev.target.com/is-descriptor/-/is-descriptor-1.0.2.tgz",
          "integrity": "sha1-OxWXRqZmBLBPjIFSS6NlxfFNhuw=",
          "requires": {
            "is-accessor-descriptor": "1.0.0",
            "is-data-descriptor": "1.0.0",
            "kind-of": "6.0.2"
          }
        }
      }
    },
    "brace-expansion": {
      "version": "1.1.11",
      "resolved": "https://privatenpm.dev.target.com/brace-expansion/-/brace-expansion-1.1.11.tgz",
      "integrity": "sha1-PH/L9SnYcibz0vUrlm/1Jx60Qd0=",
      "requires": {
        "balanced-match": "1.0.0",
        "concat-map": "0.0.1"
      }
    },
    "braces": {
      "version": "2.3.2",
      "resolved": "https://privatenpm.dev.target.com/braces/-/braces-2.3.2.tgz",
      "integrity": "sha1-WXn9PxTNUxVl5fot8av/8d+u5yk=",
      "requires": {
        "arr-flatten": "1.1.0",
        "array-unique": "0.3.2",
        "extend-shallow": "2.0.1",
        "fill-range": "4.0.0",
        "isobject": "3.0.1",
        "repeat-element": "1.1.3",
        "snapdragon": "0.8.2",
        "snapdragon-node": "2.1.1",
        "split-string": "3.1.0",
        "to-regex": "3.0.2"
      },
      "dependencies": {
        "extend-shallow": {
          "version": "2.0.1",
          "resolved": "https://privatenpm.dev.target.com/extend-shallow/-/extend-shallow-2.0.1.tgz",
          "integrity": "sha1-Ua99YUrZqfYQ6huvu5idaxxWiQ8=",
          "requires": {
            "is-extendable": "0.1.1"
          }
        }
      }
    },
    "cache-base": {
      "version": "1.0.1",
      "resolved": "https://privatenpm.dev.target.com/cache-base/-/cache-base-1.0.1.tgz",
      "integrity": "sha1-Cn9GQWgxyLZi7jb+TnxZ129marI=",
      "requires": {
        "collection-visit": "1.0.0",
        "component-emitter": "1.3.0",
        "get-value": "2.0.6",
        "has-value": "1.0.0",
        "isobject": "3.0.1",
        "set-value": "2.0.0",
        "to-object-path": "0.3.0",
        "union-value": "1.0.0",
        "unset-value": "1.0.0"
      }
    },
    "call-me-maybe": {
      "version": "1.0.1",
      "resolved": "https://privatenpm.dev.target.com/call-me-maybe/-/call-me-maybe-1.0.1.tgz",
      "integrity": "sha1-JtII6onje1y95gJQoV8DHBak1ms="
    },
    "class-utils": {
      "version": "0.3.6",
      "resolved": "https://privatenpm.dev.target.com/class-utils/-/class-utils-0.3.6.tgz",
      "integrity": "sha1-+TNprouafOAv1B+q0MqDAzGQxGM=",
      "requires": {
        "arr-union": "3.1.0",
        "define-property": "0.2.5",
        "isobject": "3.0.1",
        "static-extend": "0.1.2"
      },
      "dependencies": {
        "define-property": {
          "version": "0.2.5",
          "resolved": "https://privatenpm.dev.target.com/define-property/-/define-property-0.2.5.tgz",
          "integrity": "sha1-w1se+RjsPJkPmlvFe+BKrOxcgRY=",
          "requires": {
            "is-descriptor": "0.1.6"
          }
        }
      }
    },
    "co": {
      "version": "4.6.0",
      "resolved": "https://privatenpm.dev.target.com/co/-/co-4.6.0.tgz",
      "integrity": "sha1-bqa989hTrlTMuOR7+gvz+QMfsYQ="
    },
    "collection-visit": {
      "version": "1.0.0",
      "resolved": "https://privatenpm.dev.target.com/collection-visit/-/collection-visit-1.0.0.tgz",
      "integrity": "sha1-S8A3PBZLwykbTTaMgpzxqApZ3KA=",
      "requires": {
        "map-visit": "1.0.0",
        "object-visit": "1.0.1"
      }
    },
    "component-emitter": {
      "version": "1.3.0",
      "resolved": "https://privatenpm.dev.target.com/component-emitter/-/component-emitter-1.3.0.tgz",
      "integrity": "sha1-FuQHD7qK4ptnnyIVhT7hgasuq8A="
    },
    "concat-map": {
      "version": "0.0.1",
      "resolved": "https://privatenpm.dev.target.com/concat-map/-/concat-map-0.0.1.tgz",
      "integrity": "sha1-2Klr13/Wjfd5OnMDajug1UBdR3s="
    },
    "copy-descriptor": {
      "version": "0.1.1",
      "resolved": "https://privatenpm.dev.target.com/copy-descriptor/-/copy-descriptor-0.1.1.tgz",
      "integrity": "sha1-Z29us8OZl8LuGsOpJP1hJHSPV40="
    },
    "debug": {
      "version": "2.6.9",
      "resolved": "https://privatenpm.dev.target.com/debug/-/debug-2.6.9.tgz",
      "integrity": "sha1-XRKFFd8TT/Mn6QpMk/Tgd6U2NB8=",
      "requires": {
        "ms": "2.0.0"
      }
    },
    "decode-uri-component": {
      "version": "0.2.0",
      "resolved": "https://privatenpm.dev.target.com/decode-uri-component/-/decode-uri-component-0.2.0.tgz",
      "integrity": "sha1-6zkTMzRYd1y4TNGh+uBiEGu4dUU="
    },
    "define-property": {
      "version": "2.0.2",
      "resolved": "https://privatenpm.dev.target.com/define-property/-/define-property-2.0.2.tgz",
      "integrity": "sha1-1Flono1lS6d+AqgX+HENcCyxbp0=",
      "requires": {
        "is-descriptor": "1.0.2",
        "isobject": "3.0.1"
      },
      "dependencies": {
        "is-accessor-descriptor": {
          "version": "1.0.0",
          "resolved": "https://privatenpm.dev.target.com/is-accessor-descriptor/-/is-accessor-descriptor-1.0.0.tgz",
          "integrity": "sha1-FpwvbT3x+ZJhgHI2XJsOofaHhlY=",
          "requires": {
            "kind-of": "6.0.2"
          }
        },
        "is-data-descriptor": {
          "version": "1.0.0",
          "resolved": "https://privatenpm.dev.target.com/is-data-descriptor/-/is-data-descriptor-1.0.0.tgz",
          "integrity": "sha1-2Eh2Mh0Oet0DmQQGq7u9NrqSaMc=",
          "requires": {
            "kind-of": "6.0.2"
          }
        },
        "is-descriptor": {
          "version": "1.0.2",
          "resolved": "https://privatenpm.dev.target.com/is-descriptor/-/is-descriptor-1.0.2.tgz",
          "integrity": "sha1-OxWXRqZmBLBPjIFSS6NlxfFNhuw=",
          "requires": {
            "is-accessor-descriptor": "1.0.0",
            "is-data-descriptor": "1.0.0",
            "kind-of": "6.0.2"
          }
        }
      }
    },
    "dir-glob": {
      "version": "2.2.2",
      "resolved": "https://privatenpm.dev.target.com/dir-glob/-/dir-glob-2.2.2.tgz",
      "integrity": "sha1-+gnwaUFTyJGLGLoN6vrpR2n8UMQ=",
      "requires": {
        "path-type": "3.0.0"
      }
    },
    "es6-promisify": {
      "version": "6.0.1",
      "resolved": "https://privatenpm.dev.target.com/es6-promisify/-/es6-promisify-6.0.1.tgz",
      "integrity": "sha1-btqkXzvVcP/gj+vOZvcRa+SxzbY="
    },
    "expand-brackets": {
      "version": "2.1.4",
      "resolved": "https://privatenpm.dev.target.com/expand-brackets/-/expand-brackets-2.1.4.tgz",
      "integrity": "sha1-t3c14xXOMPa27/D4OwQVGiJEliI=",
      "requires": {
        "debug": "2.6.9",
        "define-property": "0.2.5",
        "extend-shallow": "2.0.1",
        "posix-character-classes": "0.1.1",
        "regex-not": "1.0.2",
        "snapdragon": "0.8.2",
        "to-regex": "3.0.2"
      },
      "dependencies": {
        "define-property": {
          "version": "0.2.5",
          "resolved": "https://privatenpm.dev.target.com/define-property/-/define-property-0.2.5.tgz",
          "integrity": "sha1-w1se+RjsPJkPmlvFe+BKrOxcgRY=",
          "requires": {
            "is-descriptor": "0.1.6"
          }
        },
        "extend-shallow": {
          "version": "2.0.1",
          "resolved": "https://privatenpm.dev.target.com/extend-shallow/-/extend-shallow-2.0.1.tgz",
          "integrity": "sha1-Ua99YUrZqfYQ6huvu5idaxxWiQ8=",
          "requires": {
            "is-extendable": "0.1.1"
          }
        }
      }
    },
    "extend-shallow": {
      "version": "3.0.2",
      "resolved": "https://privatenpm.dev.target.com/extend-shallow/-/extend-shallow-3.0.2.tgz",
      "integrity": "sha1-Jqcarwc7OfshJxcnRhMcJwQCjbg=",
      "requires": {
        "assign-symbols": "1.0.0",
        "is-extendable": "1.0.1"
      },
      "dependencies": {
        "is-extendable": {
          "version": "1.0.1",
          "resolved": "https://privatenpm.dev.target.com/is-extendable/-/is-extendable-1.0.1.tgz",
          "integrity": "sha1-p0cPnkJnM9gb2B4RVSZOOjUHyrQ=",
          "requires": {
            "is-plain-object": "2.0.4"
          }
        }
      }
    },
    "extglob": {
      "version": "2.0.4",
      "resolved": "https://privatenpm.dev.target.com/extglob/-/extglob-2.0.4.tgz",
      "integrity": "sha1-rQD+TcYSqSMuhxhxHcXLWrAoVUM=",
      "requires": {
        "array-unique": "0.3.2",
        "define-property": "1.0.0",
        "expand-brackets": "2.1.4",
        "extend-shallow": "2.0.1",
        "fragment-cache": "0.2.1",
        "regex-not": "1.0.2",
        "snapdragon": "0.8.2",
        "to-regex": "3.0.2"
      },
      "dependencies": {
        "define-property": {
          "version": "1.0.0",
          "resolved": "https://privatenpm.dev.target.com/define-property/-/define-property-1.0.0.tgz",
          "integrity": "sha1-dp66rz9KY6rTr56NMEybvnm/sOY=",
          "requires": {
            "is-descriptor": "1.0.2"
          }
        },
        "extend-shallow": {
          "version": "2.0.1",
          "resolved": "https://privatenpm.dev.target.com/extend-shallow/-/extend-shallow-2.0.1.tgz",
          "integrity": "sha1-Ua99YUrZqfYQ6huvu5idaxxWiQ8=",
          "requires": {
            "is-extendable": "0.1.1"
          }
        },
        "is-accessor-descriptor": {
          "version": "1.0.0",
          "resolved": "https://privatenpm.dev.target.com/is-accessor-descriptor/-/is-accessor-descriptor-1.0.0.tgz",
          "integrity": "sha1-FpwvbT3x+ZJhgHI2XJsOofaHhlY=",
          "requires": {
            "kind-of": "6.0.2"
          }
        },
        "is-data-descriptor": {
          "version": "1.0.0",
          "resolved": "https://privatenpm.dev.target.com/is-data-descriptor/-/is-data-descriptor-1.0.0.tgz",
          "integrity": "sha1-2Eh2Mh0Oet0DmQQGq7u9NrqSaMc=",
          "requires": {
            "kind-of": "6.0.2"
          }
        },
        "is-descriptor": {
          "version": "1.0.2",
          "resolved": "https://privatenpm.dev.target.com/is-descriptor/-/is-descriptor-1.0.2.tgz",
          "integrity": "sha1-OxWXRqZmBLBPjIFSS6NlxfFNhuw=",
          "requires": {
            "is-accessor-descriptor": "1.0.0",
            "is-data-descriptor": "1.0.0",
            "kind-of": "6.0.2"
          }
        }
      }
    },
    "fast-glob": {
      "version": "2.2.6",
      "resolved": "https://privatenpm.dev.target.com/fast-glob/-/fast-glob-2.2.6.tgz",
      "integrity": "sha1-pdW2l+yN7aRo2Fp0A1KQoCWpUpU=",
      "requires": {
        "@mrmlnc/readdir-enhanced": "2.2.1",
        "@nodelib/fs.stat": "1.1.3",
        "glob-parent": "3.1.0",
        "is-glob": "4.0.1",
        "merge2": "1.2.3",
        "micromatch": "3.1.10"
      }
    },
    "fill-range": {
      "version": "4.0.0",
      "resolved": "https://privatenpm.dev.target.com/fill-range/-/fill-range-4.0.0.tgz",
      "integrity": "sha1-1USBHUKPmOsGpj3EAtJAPDKMOPc=",
      "requires": {
        "extend-shallow": "2.0.1",
        "is-number": "3.0.0",
        "repeat-string": "1.6.1",
        "to-regex-range": "2.1.1"
      },
      "dependencies": {
        "extend-shallow": {
          "version": "2.0.1",
          "resolved": "https://privatenpm.dev.target.com/extend-shallow/-/extend-shallow-2.0.1.tgz",
          "integrity": "sha1-Ua99YUrZqfYQ6huvu5idaxxWiQ8=",
          "requires": {
            "is-extendable": "0.1.1"
          }
        }
      }
    },
    "for-in": {
      "version": "1.0.2",
      "resolved": "https://privatenpm.dev.target.com/for-in/-/for-in-1.0.2.tgz",
      "integrity": "sha1-gQaNKVqBQuwKxybG4iAMMPttXoA="
    },
    "fragment-cache": {
      "version": "0.2.1",
      "resolved": "https://privatenpm.dev.target.com/fragment-cache/-/fragment-cache-0.2.1.tgz",
      "integrity": "sha1-QpD60n8T6Jvn8zeZxrxaCr//DRk=",
      "requires": {
        "map-cache": "0.2.2"
      }
    },
    "fs.realpath": {
      "version": "1.0.0",
      "resolved": "https://privatenpm.dev.target.com/fs.realpath/-/fs.realpath-1.0.0.tgz",
      "integrity": "sha1-FQStJSMVjKpA20onh8sBQRmU6k8="
    },
    "get-value": {
      "version": "2.0.6",
      "resolved": "https://privatenpm.dev.target.com/get-value/-/get-value-2.0.6.tgz",
      "integrity": "sha1-3BXKHGcjh8p2vTesCjlbogQqLCg="
    },
    "glob": {
      "version": "7.1.3",
      "resolved": "https://privatenpm.dev.target.com/glob/-/glob-7.1.3.tgz",
      "integrity": "sha1-OWCDLT8VdBCDQtr9OmezMsCWnfE=",
      "requires": {
        "fs.realpath": "1.0.0",
        "inflight": "1.0.6",
        "inherits": "2.0.3",
        "minimatch": "3.0.4",
        "once": "1.4.0",
        "path-is-absolute": "1.0.1"
      }
    },
    "glob-parent": {
      "version": "3.1.0",
      "resolved": "https://privatenpm.dev.target.com/glob-parent/-/glob-parent-3.1.0.tgz",
      "integrity": "sha1-nmr2KZ2NO9K9QEMIMr0RPfkGxa4=",
      "requires": {
        "is-glob": "3.1.0",
        "path-dirname": "1.0.2"
      },
      "dependencies": {
        "is-glob": {
          "version": "3.1.0",
          "resolved": "https://privatenpm.dev.target.com/is-glob/-/is-glob-3.1.0.tgz",
          "integrity": "sha1-e6WuJCF4BKxwcHuWkiVnSGzD6Eo=",
          "requires": {
            "is-extglob": "2.1.1"
          }
        }
      }
    },
    "glob-to-regexp": {
      "version": "0.3.0",
      "resolved": "https://privatenpm.dev.target.com/glob-to-regexp/-/glob-to-regexp-0.3.0.tgz",
      "integrity": "sha1-jFoUlNIGbFcMw7/kSWF1rMTVAqs="
    },
    "globby": {
      "version": "9.2.0",
      "resolved": "https://privatenpm.dev.target.com/globby/-/globby-9.2.0.tgz",
      "integrity": "sha1-/QKacGxwPSm90XD0tts6P3p8tj0=",
      "requires": {
        "@types/glob": "7.1.1",
        "array-union": "1.0.2",
        "dir-glob": "2.2.2",
        "fast-glob": "2.2.6",
        "glob": "7.1.3",
        "ignore": "4.0.6",
        "pify": "4.0.1",
        "slash": "2.0.0"
      }
    },
    "has-value": {
      "version": "1.0.0",
      "resolved": "https://privatenpm.dev.target.com/has-value/-/has-value-1.0.0.tgz",
      "integrity": "sha1-GLKB2lhbHFxR3vJMkw7SmgvmsXc=",
      "requires": {
        "get-value": "2.0.6",
        "has-values": "1.0.0",
        "isobject": "3.0.1"
      }
    },
    "has-values": {
      "version": "1.0.0",
      "resolved": "https://privatenpm.dev.target.com/has-values/-/has-values-1.0.0.tgz",
      "integrity": "sha1-lbC2P+whRmGab+V/51Yo1aOe/k8=",
      "requires": {
        "is-number": "3.0.0",
        "kind-of": "4.0.0"
      },
      "dependencies": {
        "kind-of": {
          "version": "4.0.0",
          "resolved": "https://privatenpm.dev.target.com/kind-of/-/kind-of-4.0.0.tgz",
          "integrity": "sha1-IIE989cSkosgc3hpGkUGb65y3Vc=",
          "requires": {
            "is-buffer": "1.1.6"
          }
        }
      }
    },
    "ignore": {
      "version": "4.0.6",
      "resolved": "https://privatenpm.dev.target.com/ignore/-/ignore-4.0.6.tgz",
      "integrity": "sha1-dQ49tYYgh7RzfrrIIH/9HvJ7Jfw="
    },
    "inflight": {
      "version": "1.0.6",
      "resolved": "https://privatenpm.dev.target.com/inflight/-/inflight-1.0.6.tgz",
      "integrity": "sha1-Sb1jMdfQLQwJvJEKEHW6gWW1bfk=",
      "requires": {
        "once": "1.4.0",
        "wrappy": "1.0.2"
      }
    },
    "inherits": {
      "version": "2.0.3",
      "resolved": "https://privatenpm.dev.target.com/inherits/-/inherits-2.0.3.tgz",
      "integrity": "sha1-Yzwsg+PaQqUC9SRmAiSA9CCCYd4="
    },
    "is-accessor-descriptor": {
      "version": "0.1.6",
      "resolved": "https://privatenpm.dev.target.com/is-accessor-descriptor/-/is-accessor-descriptor-0.1.6.tgz",
      "integrity": "sha1-qeEss66Nh2cn7u84Q/igiXtcmNY=",
      "requires": {
        "kind-of": "3.2.2"
      },
      "dependencies": {
        "kind-of": {
          "version": "3.2.2",
          "resolved": "https://privatenpm.dev.target.com/kind-of/-/kind-of-3.2.2.tgz",
          "integrity": "sha1-MeohpzS6ubuw8yRm2JOupR5KPGQ=",
          "requires": {
            "is-buffer": "1.1.6"
          }
        }
      }
    },
    "is-buffer": {
      "version": "1.1.6",
      "resolved": "https://privatenpm.dev.target.com/is-buffer/-/is-buffer-1.1.6.tgz",
      "integrity": "sha1-76ouqdqg16suoTqXsritUf776L4="
    },
    "is-data-descriptor": {
      "version": "0.1.4",
      "resolved": "https://privatenpm.dev.target.com/is-data-descriptor/-/is-data-descriptor-0.1.4.tgz",
      "integrity": "sha1-C17mSDiOLIYCgueT8YVv7D8wG1Y=",
      "requires": {
        "kind-of": "3.2.2"
      },
      "dependencies": {
        "kind-of": {
          "version": "3.2.2",
          "resolved": "https://privatenpm.dev.target.com/kind-of/-/kind-of-3.2.2.tgz",
          "integrity": "sha1-MeohpzS6ubuw8yRm2JOupR5KPGQ=",
          "requires": {
            "is-buffer": "1.1.6"
          }
        }
      }
    },
    "is-descriptor": {
      "version": "0.1.6",
      "resolved": "https://privatenpm.dev.target.com/is-descriptor/-/is-descriptor-0.1.6.tgz",
      "integrity": "sha1-Nm2CQN3kh8pRgjsaufB6EKeCUco=",
      "requires": {
        "is-accessor-descriptor": "0.1.6",
        "is-data-descriptor": "0.1.4",
        "kind-of": "5.1.0"
      },
      "dependencies": {
        "kind-of": {
          "version": "5.1.0",
          "resolved": "https://privatenpm.dev.target.com/kind-of/-/kind-of-5.1.0.tgz",
          "integrity": "sha1-cpyR4thXt6QZofmqZWhcTDP1hF0="
        }
      }
    },
    "is-extendable": {
      "version": "0.1.1",
      "resolved": "https://privatenpm.dev.target.com/is-extendable/-/is-extendable-0.1.1.tgz",
      "integrity": "sha1-YrEQ4omkcUGOPsNqYX1HLjAd/Ik="
    },
    "is-extglob": {
      "version": "2.1.1",
      "resolved": "https://privatenpm.dev.target.com/is-extglob/-/is-extglob-2.1.1.tgz",
      "integrity": "sha1-qIwCU1eR8C7TfHahueqXc8gz+MI="
    },
    "is-glob": {
      "version": "4.0.1",
      "resolved": "https://privatenpm.dev.target.com/is-glob/-/is-glob-4.0.1.tgz",
      "integrity": "sha1-dWfb6fL14kZ7x3q4PEopSCQHpdw=",
      "requires": {
        "is-extglob": "2.1.1"
      }
    },
    "is-number": {
      "version": "3.0.0",
      "resolved": "https://privatenpm.dev.target.com/is-number/-/is-number-3.0.0.tgz",
      "integrity": "sha1-JP1iAaR4LPUFYcgQJ2r8fRLXEZU=",
      "requires": {
        "kind-of": "3.2.2"
      },
      "dependencies": {
        "kind-of": {
          "version": "3.2.2",
          "resolved": "https://privatenpm.dev.target.com/kind-of/-/kind-of-3.2.2.tgz",
          "integrity": "sha1-MeohpzS6ubuw8yRm2JOupR5KPGQ=",
          "requires": {
            "is-buffer": "1.1.6"
          }
        }
      }
    },
    "is-plain-object": {
      "version": "2.0.4",
      "resolved": "https://privatenpm.dev.target.com/is-plain-object/-/is-plain-object-2.0.4.tgz",
      "integrity": "sha1-LBY7P6+xtgbZ0Xko8FwqHDjgdnc=",
      "requires": {
        "isobject": "3.0.1"
      }
    },
    "is-windows": {
      "version": "1.0.2",
      "resolved": "https://privatenpm.dev.target.com/is-windows/-/is-windows-1.0.2.tgz",
      "integrity": "sha1-0YUOuXkezRjmGCzhKjDzlmNLsZ0="
    },
    "isarray": {
      "version": "1.0.0",
      "resolved": "https://privatenpm.dev.target.com/isarray/-/isarray-1.0.0.tgz",
      "integrity": "sha1-u5NdSFgsuhaMBoNJV6VKPgcSTxE="
    },
    "isobject": {
      "version": "3.0.1",
      "resolved": "https://privatenpm.dev.target.com/isobject/-/isobject-3.0.1.tgz",
      "integrity": "sha1-TkMekrEalzFjaqH5yNHMvP2reN8="
    },
    "kind-of": {
      "version": "6.0.2",
      "resolved": "https://privatenpm.dev.target.com/kind-of/-/kind-of-6.0.2.tgz",
      "integrity": "sha1-ARRrNqYhjmTljzqNZt5df8b20FE="
    },
    "lodash": {
      "version": "4.17.11",
      "resolved": "https://privatenpm.dev.target.com/lodash/-/lodash-4.17.11.tgz",
      "integrity": "sha1-s56mIp72B+zYniyN8SU2iRysm40="
    },
    "map-cache": {
      "version": "0.2.2",
      "resolved": "https://privatenpm.dev.target.com/map-cache/-/map-cache-0.2.2.tgz",
      "integrity": "sha1-wyq9C9ZSXZsFFkW7TyasXcmKDb8="
    },
    "map-visit": {
      "version": "1.0.0",
      "resolved": "https://privatenpm.dev.target.com/map-visit/-/map-visit-1.0.0.tgz",
      "integrity": "sha1-7Nyo8TFE5mDxtb1B8S80edmN+48=",
      "requires": {
        "object-visit": "1.0.1"
      }
    },
    "merge2": {
      "version": "1.2.3",
      "resolved": "https://privatenpm.dev.target.com/merge2/-/merge2-1.2.3.tgz",
      "integrity": "sha1-fumdvWm7ZIFoklPwGEiKG5ArDtU="
    },
    "micromatch": {
      "version": "3.1.10",
      "resolved": "https://privatenpm.dev.target.com/micromatch/-/micromatch-3.1.10.tgz",
      "integrity": "sha1-cIWbyVyYQJUvNZoGij/En57PrCM=",
      "requires": {
        "arr-diff": "4.0.0",
        "array-unique": "0.3.2",
        "braces": "2.3.2",
        "define-property": "2.0.2",
        "extend-shallow": "3.0.2",
        "extglob": "2.0.4",
        "fragment-cache": "0.2.1",
        "kind-of": "6.0.2",
        "nanomatch": "1.2.13",
        "object.pick": "1.3.0",
        "regex-not": "1.0.2",
        "snapdragon": "0.8.2",
        "to-regex": "3.0.2"
      }
    },
    "minimatch": {
      "version": "3.0.4",
      "resolved": "https://privatenpm.dev.target.com/minimatch/-/minimatch-3.0.4.tgz",
      "integrity": "sha1-UWbihkV/AzBgZL5Ul+jbsMPTIIM=",
      "requires": {
        "brace-expansion": "1.1.11"
      }
    },
    "mixin-deep": {
      "version": "1.3.1",
      "resolved": "https://privatenpm.dev.target.com/mixin-deep/-/mixin-deep-1.3.1.tgz",
      "integrity": "sha1-pJ5yaNzhoNlpjkUybFYm3zVD0P4=",
      "requires": {
        "for-in": "1.0.2",
        "is-extendable": "1.0.1"
      },
      "dependencies": {
        "is-extendable": {
          "version": "1.0.1",
          "resolved": "https://privatenpm.dev.target.com/is-extendable/-/is-extendable-1.0.1.tgz",
          "integrity": "sha1-p0cPnkJnM9gb2B4RVSZOOjUHyrQ=",
          "requires": {
            "is-plain-object": "2.0.4"
          }
        }
      }
    },
    "ms": {
      "version": "2.0.0",
      "resolved": "https://privatenpm.dev.target.com/ms/-/ms-2.0.0.tgz",
      "integrity": "sha1-VgiurfwAvmwpAd9fmGF4jeDVl8g="
    },
    "nanomatch": {
      "version": "1.2.13",
      "resolved": "https://privatenpm.dev.target.com/nanomatch/-/nanomatch-1.2.13.tgz",
      "integrity": "sha1-uHqKpPwN6P5r6IiVs4mD/yZb0Rk=",
      "requires": {
        "arr-diff": "4.0.0",
        "array-unique": "0.3.2",
        "define-property": "2.0.2",
        "extend-shallow": "3.0.2",
        "fragment-cache": "0.2.1",
        "is-windows": "1.0.2",
        "kind-of": "6.0.2",
        "object.pick": "1.3.0",
        "regex-not": "1.0.2",
        "snapdragon": "0.8.2",
        "to-regex": "3.0.2"
      }
    },
    "object-copy": {
      "version": "0.1.0",
      "resolved": "https://privatenpm.dev.target.com/object-copy/-/object-copy-0.1.0.tgz",
      "integrity": "sha1-fn2Fi3gb18mRpBupde04EnVOmYw=",
      "requires": {
        "copy-descriptor": "0.1.1",
        "define-property": "0.2.5",
        "kind-of": "3.2.2"
      },
      "dependencies": {
        "define-property": {
          "version": "0.2.5",
          "resolved": "https://privatenpm.dev.target.com/define-property/-/define-property-0.2.5.tgz",
          "integrity": "sha1-w1se+RjsPJkPmlvFe+BKrOxcgRY=",
          "requires": {
            "is-descriptor": "0.1.6"
          }
        },
        "kind-of": {
          "version": "3.2.2",
          "resolved": "https://privatenpm.dev.target.com/kind-of/-/kind-of-3.2.2.tgz",
          "integrity": "sha1-MeohpzS6ubuw8yRm2JOupR5KPGQ=",
          "requires": {
            "is-buffer": "1.1.6"
          }
        }
      }
    },
    "object-visit": {
      "version": "1.0.1",
      "resolved": "https://privatenpm.dev.target.com/object-visit/-/object-visit-1.0.1.tgz",
      "integrity": "sha1-95xEk68MU3e1n+OdOV5BBC3QRbs=",
      "requires": {
        "isobject": "3.0.1"
      }
    },
    "object.pick": {
      "version": "1.3.0",
      "resolved": "https://privatenpm.dev.target.com/object.pick/-/object.pick-1.3.0.tgz",
      "integrity": "sha1-h6EKxMFpS9Lhy/U1kaZhQftd10c=",
      "requires": {
        "isobject": "3.0.1"
      }
    },
    "once": {
      "version": "1.4.0",
      "resolved": "https://privatenpm.dev.target.com/once/-/once-1.4.0.tgz",
      "integrity": "sha1-WDsap3WWHUsROsF9nFC6753Xa9E=",
      "requires": {
        "wrappy": "1.0.2"
      }
    },
    "pascalcase": {
      "version": "0.1.1",
      "resolved": "https://privatenpm.dev.target.com/pascalcase/-/pascalcase-0.1.1.tgz",
      "integrity": "sha1-s2PlXoAGym/iF4TS2yK9FdeRfxQ="
    },
    "path-dirname": {
      "version": "1.0.2",
      "resolved": "https://privatenpm.dev.target.com/path-dirname/-/path-dirname-1.0.2.tgz",
      "integrity": "sha1-zDPSTVJeCZpTiMAzbG4yuRYGCeA="
    },
    "path-is-absolute": {
      "version": "1.0.1",
      "resolved": "https://privatenpm.dev.target.com/path-is-absolute/-/path-is-absolute-1.0.1.tgz",
      "integrity": "sha1-F0uSaHNVNP+8es5r9TpanhtcX18="
    },
    "path-type": {
      "version": "3.0.0",
      "resolved": "https://privatenpm.dev.target.com/path-type/-/path-type-3.0.0.tgz",
      "integrity": "sha1-zvMdyOCho7sNEFwM2Xzzv0f0428=",
      "requires": {
        "pify": "3.0.0"
      },
      "dependencies": {
        "pify": {
          "version": "3.0.0",
          "resolved": "https://privatenpm.dev.target.com/pify/-/pify-3.0.0.tgz",
          "integrity": "sha1-5aSs0sEB/fPZpNB/DbxNtJ3SgXY="
        }
      }
    },
    "pify": {
      "version": "4.0.1",
      "resolved": "https://privatenpm.dev.target.com/pify/-/pify-4.0.1.tgz",
      "integrity": "sha1-SyzSXFDVmHNcUCkiJP2MbfQeMjE="
    },
    "posix-character-classes": {
      "version": "0.1.1",
      "resolved": "https://privatenpm.dev.target.com/posix-character-classes/-/posix-character-classes-0.1.1.tgz",
      "integrity": "sha1-AerA/jta9xoqbAL+q7jB/vfgDqs="
    },
    "regex-not": {
      "version": "1.0.2",
      "resolved": "https://privatenpm.dev.target.com/regex-not/-/regex-not-1.0.2.tgz",
      "integrity": "sha1-H07OJ+ALC2XgJHpoEOaoXYOldSw=",
      "requires": {
        "extend-shallow": "3.0.2",
        "safe-regex": "1.1.0"
      }
    },
    "repeat-element": {
      "version": "1.1.3",
      "resolved": "https://privatenpm.dev.target.com/repeat-element/-/repeat-element-1.1.3.tgz",
      "integrity": "sha1-eC4NglwMWjuzlzH4Tv7mt0Lmsc4="
    },
    "repeat-string": {
      "version": "1.6.1",
      "resolved": "https://privatenpm.dev.target.com/repeat-string/-/repeat-string-1.6.1.tgz",
      "integrity": "sha1-jcrkcOHIirwtYA//Sndihtp15jc="
    },
    "replace-in-files": {
      "version": "1.1.4",
      "resolved": "https://privatenpm.dev.target.com/replace-in-files/-/replace-in-files-1.1.4.tgz",
      "integrity": "sha1-NW20fAYQQ+18e9Tckhlo5NMcGBE=",
      "requires": {
        "co": "4.6.0",
        "es6-promisify": "6.0.1",
        "globby": "9.2.0",
        "lodash": "4.17.11"
      }
    },
    "resolve-url": {
      "version": "0.2.1",
      "resolved": "https://privatenpm.dev.target.com/resolve-url/-/resolve-url-0.2.1.tgz",
      "integrity": "sha1-LGN/53yJOv0qZj/iGqkIAGjiBSo="
    },
    "ret": {
      "version": "0.1.15",
      "resolved": "https://privatenpm.dev.target.com/ret/-/ret-0.1.15.tgz",
      "integrity": "sha1-uKSCXVvbH8P29Twrwz+BOIaBx7w="
    },
    "safe-regex": {
      "version": "1.1.0",
      "resolved": "https://privatenpm.dev.target.com/safe-regex/-/safe-regex-1.1.0.tgz",
      "integrity": "sha1-QKNmnzsHfR6UPURinhV91IAjvy4=",
      "requires": {
        "ret": "0.1.15"
      }
    },
    "set-value": {
      "version": "2.0.0",
      "resolved": "https://privatenpm.dev.target.com/set-value/-/set-value-2.0.0.tgz",
      "integrity": "sha1-ca5KiPD+77v1LR6mBPP7MV67YnQ=",
      "requires": {
        "extend-shallow": "2.0.1",
        "is-extendable": "0.1.1",
        "is-plain-object": "2.0.4",
        "split-string": "3.1.0"
      },
      "dependencies": {
        "extend-shallow": {
          "version": "2.0.1",
          "resolved": "https://privatenpm.dev.target.com/extend-shallow/-/extend-shallow-2.0.1.tgz",
          "integrity": "sha1-Ua99YUrZqfYQ6huvu5idaxxWiQ8=",
          "requires": {
            "is-extendable": "0.1.1"
          }
        }
      }
    },
    "slash": {
      "version": "2.0.0",
      "resolved": "https://privatenpm.dev.target.com/slash/-/slash-2.0.0.tgz",
      "integrity": "sha1-3lUoUaF1nfOo8gZTVEL17E3eq0Q="
    },
    "snapdragon": {
      "version": "0.8.2",
      "resolved": "https://privatenpm.dev.target.com/snapdragon/-/snapdragon-0.8.2.tgz",
      "integrity": "sha1-ZJIufFZbDhQgS6GqfWlkJ40lGC0=",
      "requires": {
        "base": "0.11.2",
        "debug": "2.6.9",
        "define-property": "0.2.5",
        "extend-shallow": "2.0.1",
        "map-cache": "0.2.2",
        "source-map": "0.5.7",
        "source-map-resolve": "0.5.2",
        "use": "3.1.1"
      },
      "dependencies": {
        "define-property": {
          "version": "0.2.5",
          "resolved": "https://privatenpm.dev.target.com/define-property/-/define-property-0.2.5.tgz",
          "integrity": "sha1-w1se+RjsPJkPmlvFe+BKrOxcgRY=",
          "requires": {
            "is-descriptor": "0.1.6"
          }
        },
        "extend-shallow": {
          "version": "2.0.1",
          "resolved": "https://privatenpm.dev.target.com/extend-shallow/-/extend-shallow-2.0.1.tgz",
          "integrity": "sha1-Ua99YUrZqfYQ6huvu5idaxxWiQ8=",
          "requires": {
            "is-extendable": "0.1.1"
          }
        }
      }
    },
    "snapdragon-node": {
      "version": "2.1.1",
      "resolved": "https://privatenpm.dev.target.com/snapdragon-node/-/snapdragon-node-2.1.1.tgz",
      "integrity": "sha1-bBdfhv8UvbByRWPo88GwIaKGhTs=",
      "requires": {
        "define-property": "1.0.0",
        "isobject": "3.0.1",
        "snapdragon-util": "3.0.1"
      },
      "dependencies": {
        "define-property": {
          "version": "1.0.0",
          "resolved": "https://privatenpm.dev.target.com/define-property/-/define-property-1.0.0.tgz",
          "integrity": "sha1-dp66rz9KY6rTr56NMEybvnm/sOY=",
          "requires": {
            "is-descriptor": "1.0.2"
          }
        },
        "is-accessor-descriptor": {
          "version": "1.0.0",
          "resolved": "https://privatenpm.dev.target.com/is-accessor-descriptor/-/is-accessor-descriptor-1.0.0.tgz",
          "integrity": "sha1-FpwvbT3x+ZJhgHI2XJsOofaHhlY=",
          "requires": {
            "kind-of": "6.0.2"
          }
        },
        "is-data-descriptor": {
          "version": "1.0.0",
          "resolved": "https://privatenpm.dev.target.com/is-data-descriptor/-/is-data-descriptor-1.0.0.tgz",
          "integrity": "sha1-2Eh2Mh0Oet0DmQQGq7u9NrqSaMc=",
          "requires": {
            "kind-of": "6.0.2"
          }
        },
        "is-descriptor": {
          "version": "1.0.2",
          "resolved": "https://privatenpm.dev.target.com/is-descriptor/-/is-descriptor-1.0.2.tgz",
          "integrity": "sha1-OxWXRqZmBLBPjIFSS6NlxfFNhuw=",
          "requires": {
            "is-accessor-descriptor": "1.0.0",
            "is-data-descriptor": "1.0.0",
            "kind-of": "6.0.2"
          }
        }
      }
    },
    "snapdragon-util": {
      "version": "3.0.1",
      "resolved": "https://privatenpm.dev.target.com/snapdragon-util/-/snapdragon-util-3.0.1.tgz",
      "integrity": "sha1-+VZHlIbyrNeXAGk/b3uAXkWrVuI=",
      "requires": {
        "kind-of": "3.2.2"
      },
      "dependencies": {
        "kind-of": {
          "version": "3.2.2",
          "resolved": "https://privatenpm.dev.target.com/kind-of/-/kind-of-3.2.2.tgz",
          "integrity": "sha1-MeohpzS6ubuw8yRm2JOupR5KPGQ=",
          "requires": {
            "is-buffer": "1.1.6"
          }
        }
      }
    },
    "source-map": {
      "version": "0.5.7",
      "resolved": "https://privatenpm.dev.target.com/source-map/-/source-map-0.5.7.tgz",
      "integrity": "sha1-igOdLRAh0i0eoUyA2OpGi6LvP8w="
    },
    "source-map-resolve": {
      "version": "0.5.2",
      "resolved": "https://privatenpm.dev.target.com/source-map-resolve/-/source-map-resolve-0.5.2.tgz",
      "integrity": "sha1-cuLMNAlVQ+Q7LGKyxMENSpBU8lk=",
      "requires": {
        "atob": "2.1.2",
        "decode-uri-component": "0.2.0",
        "resolve-url": "0.2.1",
        "source-map-url": "0.4.0",
        "urix": "0.1.0"
      }
    },
    "source-map-url": {
      "version": "0.4.0",
      "resolved": "https://privatenpm.dev.target.com/source-map-url/-/source-map-url-0.4.0.tgz",
      "integrity": "sha1-PpNdfd1zYxuXZZlW1VEo6HtQhKM="
    },
    "split-string": {
      "version": "3.1.0",
      "resolved": "https://privatenpm.dev.target.com/split-string/-/split-string-3.1.0.tgz",
      "integrity": "sha1-fLCd2jqGWFcFxks5pkZgOGguj+I=",
      "requires": {
        "extend-shallow": "3.0.2"
      }
    },
    "static-extend": {
      "version": "0.1.2",
      "resolved": "https://privatenpm.dev.target.com/static-extend/-/static-extend-0.1.2.tgz",
      "integrity": "sha1-YICcOcv/VTNyJv1eC1IPNB8ftcY=",
      "requires": {
        "define-property": "0.2.5",
        "object-copy": "0.1.0"
      },
      "dependencies": {
        "define-property": {
          "version": "0.2.5",
          "resolved": "https://privatenpm.dev.target.com/define-property/-/define-property-0.2.5.tgz",
          "integrity": "sha1-w1se+RjsPJkPmlvFe+BKrOxcgRY=",
          "requires": {
            "is-descriptor": "0.1.6"
          }
        }
      }
    },
    "to-object-path": {
      "version": "0.3.0",
      "resolved": "https://privatenpm.dev.target.com/to-object-path/-/to-object-path-0.3.0.tgz",
      "integrity": "sha1-KXWIt7Dn4KwI4E5nL4XB9JmeF68=",
      "requires": {
        "kind-of": "3.2.2"
      },
      "dependencies": {
        "kind-of": {
          "version": "3.2.2",
          "resolved": "https://privatenpm.dev.target.com/kind-of/-/kind-of-3.2.2.tgz",
          "integrity": "sha1-MeohpzS6ubuw8yRm2JOupR5KPGQ=",
          "requires": {
            "is-buffer": "1.1.6"
          }
        }
      }
    },
    "to-regex": {
      "version": "3.0.2",
      "resolved": "https://privatenpm.dev.target.com/to-regex/-/to-regex-3.0.2.tgz",
      "integrity": "sha1-E8/dmzNlUvMLUfM6iuG0Knp1mc4=",
      "requires": {
        "define-property": "2.0.2",
        "extend-shallow": "3.0.2",
        "regex-not": "1.0.2",
        "safe-regex": "1.1.0"
      }
    },
    "to-regex-range": {
      "version": "2.1.1",
      "resolved": "https://privatenpm.dev.target.com/to-regex-range/-/to-regex-range-2.1.1.tgz",
      "integrity": "sha1-fIDBe53+vlmeJzZ+DU3VWQFB2zg=",
      "requires": {
        "is-number": "3.0.0",
        "repeat-string": "1.6.1"
      }
    },
    "union-value": {
      "version": "1.0.0",
      "resolved": "https://privatenpm.dev.target.com/union-value/-/union-value-1.0.0.tgz",
      "integrity": "sha1-XHHDTLW61dzr4+oM0IIHulqhrqQ=",
      "requires": {
        "arr-union": "3.1.0",
        "get-value": "2.0.6",
        "is-extendable": "0.1.1",
        "set-value": "0.4.3"
      },
      "dependencies": {
        "extend-shallow": {
          "version": "2.0.1",
          "resolved": "https://privatenpm.dev.target.com/extend-shallow/-/extend-shallow-2.0.1.tgz",
          "integrity": "sha1-Ua99YUrZqfYQ6huvu5idaxxWiQ8=",
          "requires": {
            "is-extendable": "0.1.1"
          }
        },
        "set-value": {
          "version": "0.4.3",
          "resolved": "https://privatenpm.dev.target.com/set-value/-/set-value-0.4.3.tgz",
          "integrity": "sha1-fbCPnT0i3H945Trzw79GZuzfzPE=",
          "requires": {
            "extend-shallow": "2.0.1",
            "is-extendable": "0.1.1",
            "is-plain-object": "2.0.4",
            "to-object-path": "0.3.0"
          }
        }
      }
    },
    "unset-value": {
      "version": "1.0.0",
      "resolved": "https://privatenpm.dev.target.com/unset-value/-/unset-value-1.0.0.tgz",
      "integrity": "sha1-g3aHP30jNRef+x5vw6jtDfyKtVk=",
      "requires": {
        "has-value": "0.3.1",
        "isobject": "3.0.1"
      },
      "dependencies": {
        "has-value": {
          "version": "0.3.1",
          "resolved": "https://privatenpm.dev.target.com/has-value/-/has-value-0.3.1.tgz",
          "integrity": "sha1-ex9YutpiyoJ+wKIHgCVlSEWZXh8=",
          "requires": {
            "get-value": "2.0.6",
            "has-values": "0.1.4",
            "isobject": "2.1.0"
          },
          "dependencies": {
            "isobject": {
              "version": "2.1.0",
              "resolved": "https://privatenpm.dev.target.com/isobject/-/isobject-2.1.0.tgz",
              "integrity": "sha1-8GVWEJaj8dou9GJy+BXIQNh+DIk=",
              "requires": {
                "isarray": "1.0.0"
              }
            }
          }
        },
        "has-values": {
          "version": "0.1.4",
          "resolved": "https://privatenpm.dev.target.com/has-values/-/has-values-0.1.4.tgz",
          "integrity": "sha1-bWHeldkd/Km5oCCJrThL/49it3E="
        }
      }
    },
    "urix": {
      "version": "0.1.0",
      "resolved": "https://privatenpm.dev.target.com/urix/-/urix-0.1.0.tgz",
      "integrity": "sha1-2pN/emLiH+wf0Y1Js1wpNQZ6bHI="
    },
    "use": {
      "version": "3.1.1",
      "resolved": "https://privatenpm.dev.target.com/use/-/use-3.1.1.tgz",
      "integrity": "sha1-1QyMrHmhn7wg8pEfVuuXP04QBw8="
    },
    "wrappy": {
      "version": "1.0.2",
      "resolved": "https://privatenpm.dev.target.com/wrappy/-/wrappy-1.0.2.tgz",
      "integrity": "sha1-tSQ9jz7BqjXxNkYFvA0QNuMKtp8="
    }
  }
}
